
Microsoft Visual Studio Solution File, Format Version 12.00
# Visual Studio Version 16
VisualStudioVersion = 16.0.30114.105
MinimumVisualStudioVersion = 10.0.40219.1
Project("{9A19103F-16F7-4668-BE54-9A1E7A4F7556}") = "Rekog", "src\Rekog\Rekog.csproj", "{7D5CB28E-B1ED-4D03-962D-23D043EC23D2}"
EndProject
Project("{9A19103F-16F7-4668-BE54-9A1E7A4F7556}") = "Rekog.UnitTests", "tests\Rekog.UnitTests\Rekog.UnitTests.csproj", "{DCA486C1-6DD9-4F81-8A19-D1C2779603F9}"
EndProject
Project("{9A19103F-16F7-4668-BE54-9A1E7A4F7556}") = "Rekog.Kle", "src\Rekog.Kle\Rekog.Kle.csproj", "{D46664EE-D9A3-4243-8B98-3F2A43817105}"
EndProject
Project("{9A19103F-16F7-4668-BE54-9A1E7A4F7556}") = "Rekog.Core", "src\Rekog.Core\Rekog.Core.csproj", "{8D5F791F-94FA-4892-9B1E-DC733B9A64D6}"
EndProject
Project("{9A19103F-16F7-4668-BE54-9A1E7A4F7556}") = "Rekog.Core.UnitTests", "tests\Rekog.Core.UnitTests\Rekog.Core.UnitTests.csproj", "{BEACDB4F-8165-4963-B7D3-F137854B6007}"
EndProject
Project("{2150E333-8FDC-42A3-9474-1A3956D46DE8}") = "UnitTests", "UnitTests", "{5D1A83F2-8D02-41CB-839B-2D14436BC520}"
EndProject
Project("{9A19103F-16F7-4668-BE54-9A1E7A4F7556}") = "WpfApp1", "src\WpfApp1\WpfApp1.csproj", "{C3D136B3-758A-42C5-BD4A-34EB4D7B7FFC}"
EndProject
Global
	GlobalSection(SolutionConfigurationPlatforms) = preSolution
		Debug|Any CPU = Debug|Any CPU
		Release|Any CPU = Release|Any CPU
	EndGlobalSection
	GlobalSection(ProjectConfigurationPlatforms) = postSolution
		{7D5CB28E-B1ED-4D03-962D-23D043EC23D2}.Debug|Any CPU.ActiveCfg = Debug|Any CPU
		{7D5CB28E-B1ED-4D03-962D-23D043EC23D2}.Debug|Any CPU.Build.0 = Debug|Any CPU
		{7D5CB28E-B1ED-4D03-962D-23D043EC23D2}.Release|Any CPU.ActiveCfg = Release|Any CPU
		{7D5CB28E-B1ED-4D03-962D-23D043EC23D2}.Release|Any CPU.Build.0 = Release|Any CPU
		{DCA486C1-6DD9-4F81-8A19-D1C2779603F9}.Debug|Any CPU.ActiveCfg = Debug|Any CPU
		{DCA486C1-6DD9-4F81-8A19-D1C2779603F9}.Debug|Any CPU.Build.0 = Debug|Any CPU
		{DCA486C1-6DD9-4F81-8A19-D1C2779603F9}.Release|Any CPU.ActiveCfg = Release|Any CPU
		{DCA486C1-6DD9-4F81-8A19-D1C2779603F9}.Release|Any CPU.Build.0 = Release|Any CPU
		{D46664EE-D9A3-4243-8B98-3F2A43817105}.Debug|Any CPU.ActiveCfg = Debug|Any CPU
		{D46664EE-D9A3-4243-8B98-3F2A43817105}.Debug|Any CPU.Build.0 = Debug|Any CPU
		{D46664EE-D9A3-4243-8B98-3F2A43817105}.Release|Any CPU.ActiveCfg = Release|Any CPU
		{D46664EE-D9A3-4243-8B98-3F2A43817105}.Release|Any CPU.Build.0 = Release|Any CPU
		{8D5F791F-94FA-4892-9B1E-DC733B9A64D6}.Debug|Any CPU.ActiveCfg = Debug|Any CPU
		{8D5F791F-94FA-4892-9B1E-DC733B9A64D6}.Debug|Any CPU.Build.0 = Debug|Any CPU
		{8D5F791F-94FA-4892-9B1E-DC733B9A64D6}.Release|Any CPU.ActiveCfg = Release|Any CPU
		{8D5F791F-94FA-4892-9B1E-DC733B9A64D6}.Release|Any CPU.Build.0 = Release|Any CPU
		{BEACDB4F-8165-4963-B7D3-F137854B6007}.Debug|Any CPU.ActiveCfg = Debug|Any CPU
		{BEACDB4F-8165-4963-B7D3-F137854B6007}.Debug|Any CPU.Build.0 = Debug|Any CPU
		{BEACDB4F-8165-4963-B7D3-F137854B6007}.Release|Any CPU.ActiveCfg = Release|Any CPU
		{BEACDB4F-8165-4963-B7D3-F137854B6007}.Release|Any CPU.Build.0 = Release|Any CPU
		{C3D136B3-758A-42C5-BD4A-34EB4D7B7FFC}.Debug|Any CPU.ActiveCfg = Debug|Any CPU
		{C3D136B3-758A-42C5-BD4A-34EB4D7B7FFC}.Debug|Any CPU.Build.0 = Debug|Any CPU
		{C3D136B3-758A-42C5-BD4A-34EB4D7B7FFC}.Release|Any CPU.ActiveCfg = Release|Any CPU
		{C3D136B3-758A-42C5-BD4A-34EB4D7B7FFC}.Release|Any CPU.Build.0 = Release|Any CPU
	EndGlobalSection
	GlobalSection(SolutionProperties) = preSolution
		HideSolutionNode = FALSE
	EndGlobalSection
	GlobalSection(NestedProjects) = preSolution
		{DCA486C1-6DD9-4F81-8A19-D1C2779603F9} = {5D1A83F2-8D02-41CB-839B-2D14436BC520}
		{BEACDB4F-8165-4963-B7D3-F137854B6007} = {5D1A83F2-8D02-41CB-839B-2D14436BC520}
	EndGlobalSection
	GlobalSection(ExtensibilityGlobals) = postSolution
		SolutionGuid = {520A9CF3-FF47-4F87-B24F-0B0ED6051D27}
	EndGlobalSection
EndGlobal
