
Microsoft Visual Studio Solution File, Format Version 12.00
# Visual Studio Version 16
VisualStudioVersion = 16.0.30114.105
MinimumVisualStudioVersion = 10.0.40219.1
Project("{9A19103F-16F7-4668-BE54-9A1E7A4F7556}") = "Rekog", "src\Rekog\Rekog.csproj", "{7D5CB28E-B1ED-4D03-962D-23D043EC23D2}"
EndProject
Project("{9A19103F-16F7-4668-BE54-9A1E7A4F7556}") = "Rekog.UnitTests", "tests\Rekog.UnitTests\Rekog.UnitTests.csproj", "{DCA486C1-6DD9-4F81-8A19-D1C2779603F9}"
EndProject
Project("{9A19103F-16F7-4668-BE54-9A1E7A4F7556}") = "Rekog.Core", "src\Rekog.Core\Rekog.Core.csproj", "{8D5F791F-94FA-4892-9B1E-DC733B9A64D6}"
EndProject
Project("{9A19103F-16F7-4668-BE54-9A1E7A4F7556}") = "Rekog.Core.UnitTests", "tests\Rekog.Core.UnitTests\Rekog.Core.UnitTests.csproj", "{BEACDB4F-8165-4963-B7D3-F137854B6007}"
EndProject
Project("{2150E333-8FDC-42A3-9474-1A3956D46DE8}") = "tests", "tests", "{5D1A83F2-8D02-41CB-839B-2D14436BC520}"
EndProject
Project("{2150E333-8FDC-42A3-9474-1A3956D46DE8}") = "tools", "tools", "{3C54C345-BD6C-42FF-86D1-A4F08FE48FA8}"
EndProject
Project("{FAE04EC0-301F-11D3-BF4B-00C04F79EFBC}") = "CbdbCorpus", "tools\corpora\CbdbCorpus\CbdbCorpus.csproj", "{87D5F218-4D62-4802-B40B-E0BA702AD016}"
EndProject
Project("{2150E333-8FDC-42A3-9474-1A3956D46DE8}") = "corpora", "corpora", "{87FCDE66-9A8B-4988-9817-D582C9891DE9}"
EndProject
Project("{2150E333-8FDC-42A3-9474-1A3956D46DE8}") = "src", "src", "{70DD95C5-175E-4361-88FD-AAA3450B304D}"
EndProject
Project("{FAE04EC0-301F-11D3-BF4B-00C04F79EFBC}") = "SynWordsToCorpus", "tools\corpora\SynWordsToCorpus\SynWordsToCorpus.csproj", "{226C35A9-5463-4076-B31C-C14492BC8897}"
EndProject
Project("{FAE04EC0-301F-11D3-BF4B-00C04F79EFBC}") = "MessengerToCorpus", "tools\corpora\MessengerToCorpus\MessengerToCorpus.csproj", "{0837A64A-B882-4B7A-A2A5-449A11D6A888}"
EndProject
Project("{FAE04EC0-301F-11D3-BF4B-00C04F79EFBC}") = "Rekog.Common", "src\Rekog.Common\Rekog.Common.csproj", "{DC5053D5-914D-4F33-922F-9946E6DEA056}"
EndProject
Project("{FAE04EC0-301F-11D3-BF4B-00C04F79EFBC}") = "Rekog.Common.UnitTests", "tests\Rekog.Common.UnitTests\Rekog.Common.UnitTests.csproj", "{29EB615D-5C67-4EFB-BBB3-AE6F98A1A054}"
EndProject
Global
	GlobalSection(SolutionConfigurationPlatforms) = preSolution
		Debug|Any CPU = Debug|Any CPU
		Release|Any CPU = Release|Any CPU
	EndGlobalSection
	GlobalSection(ProjectConfigurationPlatforms) = postSolution
		{7D5CB28E-B1ED-4D03-962D-23D043EC23D2}.Debug|Any CPU.ActiveCfg = Debug|Any CPU
		{7D5CB28E-B1ED-4D03-962D-23D043EC23D2}.Debug|Any CPU.Build.0 = Debug|Any CPU
		{7D5CB28E-B1ED-4D03-962D-23D043EC23D2}.Release|Any CPU.ActiveCfg = Release|Any CPU
		{7D5CB28E-B1ED-4D03-962D-23D043EC23D2}.Release|Any CPU.Build.0 = Release|Any CPU
		{DCA486C1-6DD9-4F81-8A19-D1C2779603F9}.Debug|Any CPU.ActiveCfg = Debug|Any CPU
		{DCA486C1-6DD9-4F81-8A19-D1C2779603F9}.Debug|Any CPU.Build.0 = Debug|Any CPU
		{DCA486C1-6DD9-4F81-8A19-D1C2779603F9}.Release|Any CPU.ActiveCfg = Release|Any CPU
		{DCA486C1-6DD9-4F81-8A19-D1C2779603F9}.Release|Any CPU.Build.0 = Release|Any CPU
		{8D5F791F-94FA-4892-9B1E-DC733B9A64D6}.Debug|Any CPU.ActiveCfg = Debug|Any CPU
		{8D5F791F-94FA-4892-9B1E-DC733B9A64D6}.Debug|Any CPU.Build.0 = Debug|Any CPU
		{8D5F791F-94FA-4892-9B1E-DC733B9A64D6}.Release|Any CPU.ActiveCfg = Release|Any CPU
		{8D5F791F-94FA-4892-9B1E-DC733B9A64D6}.Release|Any CPU.Build.0 = Release|Any CPU
		{BEACDB4F-8165-4963-B7D3-F137854B6007}.Debug|Any CPU.ActiveCfg = Debug|Any CPU
		{BEACDB4F-8165-4963-B7D3-F137854B6007}.Debug|Any CPU.Build.0 = Debug|Any CPU
		{BEACDB4F-8165-4963-B7D3-F137854B6007}.Release|Any CPU.ActiveCfg = Release|Any CPU
		{BEACDB4F-8165-4963-B7D3-F137854B6007}.Release|Any CPU.Build.0 = Release|Any CPU
		{87D5F218-4D62-4802-B40B-E0BA702AD016}.Debug|Any CPU.ActiveCfg = Debug|Any CPU
		{87D5F218-4D62-4802-B40B-E0BA702AD016}.Debug|Any CPU.Build.0 = Debug|Any CPU
		{87D5F218-4D62-4802-B40B-E0BA702AD016}.Release|Any CPU.ActiveCfg = Release|Any CPU
		{87D5F218-4D62-4802-B40B-E0BA702AD016}.Release|Any CPU.Build.0 = Release|Any CPU
		{226C35A9-5463-4076-B31C-C14492BC8897}.Debug|Any CPU.ActiveCfg = Debug|Any CPU
		{226C35A9-5463-4076-B31C-C14492BC8897}.Debug|Any CPU.Build.0 = Debug|Any CPU
		{226C35A9-5463-4076-B31C-C14492BC8897}.Release|Any CPU.ActiveCfg = Release|Any CPU
		{226C35A9-5463-4076-B31C-C14492BC8897}.Release|Any CPU.Build.0 = Release|Any CPU
		{0837A64A-B882-4B7A-A2A5-449A11D6A888}.Debug|Any CPU.ActiveCfg = Debug|Any CPU
		{0837A64A-B882-4B7A-A2A5-449A11D6A888}.Debug|Any CPU.Build.0 = Debug|Any CPU
		{0837A64A-B882-4B7A-A2A5-449A11D6A888}.Release|Any CPU.ActiveCfg = Release|Any CPU
		{0837A64A-B882-4B7A-A2A5-449A11D6A888}.Release|Any CPU.Build.0 = Release|Any CPU
		{DC5053D5-914D-4F33-922F-9946E6DEA056}.Debug|Any CPU.ActiveCfg = Debug|Any CPU
		{DC5053D5-914D-4F33-922F-9946E6DEA056}.Debug|Any CPU.Build.0 = Debug|Any CPU
		{DC5053D5-914D-4F33-922F-9946E6DEA056}.Release|Any CPU.ActiveCfg = Release|Any CPU
		{DC5053D5-914D-4F33-922F-9946E6DEA056}.Release|Any CPU.Build.0 = Release|Any CPU
		{29EB615D-5C67-4EFB-BBB3-AE6F98A1A054}.Debug|Any CPU.ActiveCfg = Debug|Any CPU
		{29EB615D-5C67-4EFB-BBB3-AE6F98A1A054}.Debug|Any CPU.Build.0 = Debug|Any CPU
		{29EB615D-5C67-4EFB-BBB3-AE6F98A1A054}.Release|Any CPU.ActiveCfg = Release|Any CPU
		{29EB615D-5C67-4EFB-BBB3-AE6F98A1A054}.Release|Any CPU.Build.0 = Release|Any CPU
	EndGlobalSection
	GlobalSection(SolutionProperties) = preSolution
		HideSolutionNode = FALSE
	EndGlobalSection
	GlobalSection(NestedProjects) = preSolution
		{DCA486C1-6DD9-4F81-8A19-D1C2779603F9} = {5D1A83F2-8D02-41CB-839B-2D14436BC520}
		{BEACDB4F-8165-4963-B7D3-F137854B6007} = {5D1A83F2-8D02-41CB-839B-2D14436BC520}
		{87FCDE66-9A8B-4988-9817-D582C9891DE9} = {3C54C345-BD6C-42FF-86D1-A4F08FE48FA8}
		{87D5F218-4D62-4802-B40B-E0BA702AD016} = {87FCDE66-9A8B-4988-9817-D582C9891DE9}
		{7D5CB28E-B1ED-4D03-962D-23D043EC23D2} = {70DD95C5-175E-4361-88FD-AAA3450B304D}
		{8D5F791F-94FA-4892-9B1E-DC733B9A64D6} = {70DD95C5-175E-4361-88FD-AAA3450B304D}
		{226C35A9-5463-4076-B31C-C14492BC8897} = {87FCDE66-9A8B-4988-9817-D582C9891DE9}
		{0837A64A-B882-4B7A-A2A5-449A11D6A888} = {87FCDE66-9A8B-4988-9817-D582C9891DE9}
		{DC5053D5-914D-4F33-922F-9946E6DEA056} = {70DD95C5-175E-4361-88FD-AAA3450B304D}
		{29EB615D-5C67-4EFB-BBB3-AE6F98A1A054} = {5D1A83F2-8D02-41CB-839B-2D14436BC520}
	EndGlobalSection
	GlobalSection(ExtensibilityGlobals) = postSolution
		SolutionGuid = {520A9CF3-FF47-4F87-B24F-0B0ED6051D27}
	EndGlobalSection
EndGlobal
